
Microsoft Visual Studio Solution File, Format Version 12.00
# Visual Studio Version 17
VisualStudioVersion = 17.5.33627.172
MinimumVisualStudioVersion = 10.0.40219.1
Project("{2150E333-8FDC-42A3-9474-1A3956D46DE8}") = "Web", "Web", "{D29CADE8-B188-4E89-9D55-7D64B3AB922A}"
EndProject
Project("{2150E333-8FDC-42A3-9474-1A3956D46DE8}") = "Api", "Api", "{1F9C755B-0433-4EB2-9059-772142DD1AB2}"
EndProject
Project("{9A19103F-16F7-4668-BE54-9A1E7A4F7556}") = "TypingSPA.Api", "TypingSPA.Api\TypingSPA.Api.csproj", "{B28EBC4C-40CD-4BF5-9CB8-96A8CF10F650}"
EndProject
Project("{9A19103F-16F7-4668-BE54-9A1E7A4F7556}") = "TypingSPA.Web", "TypingSPA.Web\TypingSPA.Web.csproj", "{D7802DD0-7E7F-47F9-B0C3-057725827D4C}"
EndProject
Project("{2150E333-8FDC-42A3-9474-1A3956D46DE8}") = "Tests", "Tests", "{9A3D74B4-24E5-445B-BAB2-3129F3A1E560}"
EndProject
Project("{9A19103F-16F7-4668-BE54-9A1E7A4F7556}") = "TypingSPA.Tests", "TypingSPA.Tests\TypingSPA.Tests.csproj", "{C8FDE945-8F8A-4422-B671-70EC40CFF45D}"
EndProject
Project("{FAE04EC0-301F-11D3-BF4B-00C04F79EFBC}") = "TypingSPA.Api.Domain", "TypingSPA.Api.Domain\TypingSPA.Api.Domain.csproj", "{097864AF-3394-4E4C-B056-797B67BD464A}"
EndProject
Global
	GlobalSection(SolutionConfigurationPlatforms) = preSolution
		Debug|Any CPU = Debug|Any CPU
		Release|Any CPU = Release|Any CPU
	EndGlobalSection
	GlobalSection(ProjectConfigurationPlatforms) = postSolution
		{B28EBC4C-40CD-4BF5-9CB8-96A8CF10F650}.Debug|Any CPU.ActiveCfg = Debug|Any CPU
		{B28EBC4C-40CD-4BF5-9CB8-96A8CF10F650}.Debug|Any CPU.Build.0 = Debug|Any CPU
		{B28EBC4C-40CD-4BF5-9CB8-96A8CF10F650}.Release|Any CPU.ActiveCfg = Release|Any CPU
		{B28EBC4C-40CD-4BF5-9CB8-96A8CF10F650}.Release|Any CPU.Build.0 = Release|Any CPU
		{D7802DD0-7E7F-47F9-B0C3-057725827D4C}.Debug|Any CPU.ActiveCfg = Debug|Any CPU
		{D7802DD0-7E7F-47F9-B0C3-057725827D4C}.Debug|Any CPU.Build.0 = Debug|Any CPU
		{D7802DD0-7E7F-47F9-B0C3-057725827D4C}.Release|Any CPU.ActiveCfg = Release|Any CPU
		{D7802DD0-7E7F-47F9-B0C3-057725827D4C}.Release|Any CPU.Build.0 = Release|Any CPU
		{C8FDE945-8F8A-4422-B671-70EC40CFF45D}.Debug|Any CPU.ActiveCfg = Debug|Any CPU
		{C8FDE945-8F8A-4422-B671-70EC40CFF45D}.Debug|Any CPU.Build.0 = Debug|Any CPU
		{C8FDE945-8F8A-4422-B671-70EC40CFF45D}.Release|Any CPU.ActiveCfg = Release|Any CPU
		{C8FDE945-8F8A-4422-B671-70EC40CFF45D}.Release|Any CPU.Build.0 = Release|Any CPU
		{097864AF-3394-4E4C-B056-797B67BD464A}.Debug|Any CPU.ActiveCfg = Debug|Any CPU
		{097864AF-3394-4E4C-B056-797B67BD464A}.Debug|Any CPU.Build.0 = Debug|Any CPU
		{097864AF-3394-4E4C-B056-797B67BD464A}.Release|Any CPU.ActiveCfg = Release|Any CPU
		{097864AF-3394-4E4C-B056-797B67BD464A}.Release|Any CPU.Build.0 = Release|Any CPU
	EndGlobalSection
	GlobalSection(SolutionProperties) = preSolution
		HideSolutionNode = FALSE
	EndGlobalSection
	GlobalSection(NestedProjects) = preSolution
		{B28EBC4C-40CD-4BF5-9CB8-96A8CF10F650} = {1F9C755B-0433-4EB2-9059-772142DD1AB2}
		{D7802DD0-7E7F-47F9-B0C3-057725827D4C} = {D29CADE8-B188-4E89-9D55-7D64B3AB922A}
		{C8FDE945-8F8A-4422-B671-70EC40CFF45D} = {9A3D74B4-24E5-445B-BAB2-3129F3A1E560}
		{097864AF-3394-4E4C-B056-797B67BD464A} = {1F9C755B-0433-4EB2-9059-772142DD1AB2}
	EndGlobalSection
	GlobalSection(ExtensibilityGlobals) = postSolution
		SolutionGuid = {9B30D7FE-03B4-4D92-95E7-BF92312AFB7C}
	EndGlobalSection
EndGlobal
